// !$*UTF8*$!
{
	archiveVersion = 1;
	classes = {
	};
	objectVersion = 46;
	objects = {

/* Begin PBXBuildFile section */
		FB16084E1AB33FAC00D27F39 /* movie_quote.mp3 in Resources */ = {isa = PBXBuildFile; fileRef = FB16084D1AB33FAC00D27F39 /* movie_quote.mp3 */; };
		FB37AD1A1AC06A57006439FB /* RecordedAudio.swift in Sources */ = {isa = PBXBuildFile; fileRef = FB37AD191AC06A57006439FB /* RecordedAudio.swift */; };
		FB63CB551AB0C4300031A3FA /* PlaySoundsViewController.swift in Sources */ = {isa = PBXBuildFile; fileRef = FB63CB541AB0C4300031A3FA /* PlaySoundsViewController.swift */; };
		FBF28E001AADFBB600787797 /* AppDelegate.swift in Sources */ = {isa = PBXBuildFile; fileRef = FBF28DFF1AADFBB600787797 /* AppDelegate.swift */; };
		FBF28E021AADFBB600787797 /* RecordSoundsViewController.swift in Sources */ = {isa = PBXBuildFile; fileRef = FBF28E011AADFBB600787797 /* RecordSoundsViewController.swift */; };
		FBF28E051AADFBB600787797 /* Main.storyboard in Resources */ = {isa = PBXBuildFile; fileRef = FBF28E031AADFBB600787797 /* Main.storyboard */; };
		FBF28E071AADFBB600787797 /* Images.xcassets in Resources */ = {isa = PBXBuildFile; fileRef = FBF28E061AADFBB600787797 /* Images.xcassets */; };
		FBF28E0A1AADFBB600787797 /* LaunchScreen.xib in Resources */ = {isa = PBXBuildFile; fileRef = FBF28E081AADFBB600787797 /* LaunchScreen.xib */; };
		FBF28E161AADFBB600787797 /* PitchPerfectTests.swift in Sources */ = {isa = PBXBuildFile; fileRef = FBF28E151AADFBB600787797 /* PitchPerfectTests.swift */; };
/* End PBXBuildFile section */

/* Begin PBXContainerItemProxy section */
		FBF28E101AADFBB600787797 /* PBXContainerItemProxy */ = {
			isa = PBXContainerItemProxy;
			containerPortal = FBF28DF21AADFBB600787797 /* Project object */;
			proxyType = 1;
			remoteGlobalIDString = FBF28DF91AADFBB600787797;
			remoteInfo = PitchPerfect;
		};
/* End PBXContainerItemProxy section */

/* Begin PBXFileReference section */
		FB16084D1AB33FAC00D27F39 /* movie_quote.mp3 */ = {isa = PBXFileReference; lastKnownFileType = audio.mp3; path = movie_quote.mp3; sourceTree = "<group>"; };
		FB37AD191AC06A57006439FB /* RecordedAudio.swift */ = {isa = PBXFileReference; fileEncoding = 4; lastKnownFileType = sourcecode.swift; path = RecordedAudio.swift; sourceTree = "<group>"; };
		FB63CB541AB0C4300031A3FA /* PlaySoundsViewController.swift */ = {isa = PBXFileReference; fileEncoding = 4; lastKnownFileType = sourcecode.swift; path = PlaySoundsViewController.swift; sourceTree = "<group>"; };
		FBF28DFA1AADFBB600787797 /* PitchPerfect.app */ = {isa = PBXFileReference; explicitFileType = wrapper.application; includeInIndex = 0; path = PitchPerfect.app; sourceTree = BUILT_PRODUCTS_DIR; };
		FBF28DFE1AADFBB600787797 /* Info.plist */ = {isa = PBXFileReference; lastKnownFileType = text.plist.xml; path = Info.plist; sourceTree = "<group>"; };
		FBF28DFF1AADFBB600787797 /* AppDelegate.swift */ = {isa = PBXFileReference; lastKnownFileType = sourcecode.swift; path = AppDelegate.swift; sourceTree = "<group>"; };
		FBF28E011AADFBB600787797 /* RecordSoundsViewController.swift */ = {isa = PBXFileReference; lastKnownFileType = sourcecode.swift; path = RecordSoundsViewController.swift; sourceTree = "<group>"; };
		FBF28E041AADFBB600787797 /* Base */ = {isa = PBXFileReference; lastKnownFileType = file.storyboard; name = Base; path = Base.lproj/Main.storyboard; sourceTree = "<group>"; };
		FBF28E061AADFBB600787797 /* Images.xcassets */ = {isa = PBXFileReference; lastKnownFileType = folder.assetcatalog; path = Images.xcassets; sourceTree = "<group>"; };
		FBF28E091AADFBB600787797 /* Base */ = {isa = PBXFileReference; lastKnownFileType = file.xib; name = Base; path = Base.lproj/LaunchScreen.xib; sourceTree = "<group>"; };
		FBF28E0F1AADFBB600787797 /* PitchPerfectTests.xctest */ = {isa = PBXFileReference; explicitFileType = wrapper.cfbundle; includeInIndex = 0; path = PitchPerfectTests.xctest; sourceTree = BUILT_PRODUCTS_DIR; };
		FBF28E141AADFBB600787797 /* Info.plist */ = {isa = PBXFileReference; lastKnownFileType = text.plist.xml; path = Info.plist; sourceTree = "<group>"; };
		FBF28E151AADFBB600787797 /* PitchPerfectTests.swift */ = {isa = PBXFileReference; lastKnownFileType = sourcecode.swift; path = PitchPerfectTests.swift; sourceTree = "<group>"; };
/* End PBXFileReference section */

/* Begin PBXFrameworksBuildPhase section */
		FBF28DF71AADFBB600787797 /* Frameworks */ = {
			isa = PBXFrameworksBuildPhase;
			buildActionMask = 2147483647;
			files = (
			);
			runOnlyForDeploymentPostprocessing = 0;
		};
		FBF28E0C1AADFBB600787797 /* Frameworks */ = {
			isa = PBXFrameworksBuildPhase;
			buildActionMask = 2147483647;
			files = (
			);
			runOnlyForDeploymentPostprocessing = 0;
		};
/* End PBXFrameworksBuildPhase section */

/* Begin PBXGroup section */
		FBF28DF11AADFBB500787797 = {
			isa = PBXGroup;
			children = (
				FBF28DFC1AADFBB600787797 /* PitchPerfect */,
				FBF28E121AADFBB600787797 /* PitchPerfectTests */,
				FBF28DFB1AADFBB600787797 /* Products */,
			);
			sourceTree = "<group>";
		};
		FBF28DFB1AADFBB600787797 /* Products */ = {
			isa = PBXGroup;
			children = (
				FBF28DFA1AADFBB600787797 /* PitchPerfect.app */,
				FBF28E0F1AADFBB600787797 /* PitchPerfectTests.xctest */,
			);
			name = Products;
			sourceTree = "<group>";
		};
		FBF28DFC1AADFBB600787797 /* PitchPerfect */ = {
			isa = PBXGroup;
			children = (
				FBF28DFF1AADFBB600787797 /* AppDelegate.swift */,
				FBF28E011AADFBB600787797 /* RecordSoundsViewController.swift */,
				FB37AD191AC06A57006439FB /* RecordedAudio.swift */,
				FBF28E031AADFBB600787797 /* Main.storyboard */,
				FB63CB541AB0C4300031A3FA /* PlaySoundsViewController.swift */,
				FBF28E061AADFBB600787797 /* Images.xcassets */,
				FBF28E081AADFBB600787797 /* LaunchScreen.xib */,
				FBF28DFD1AADFBB600787797 /* Supporting Files */,
			);
			path = PitchPerfect;
			sourceTree = "<group>";
		};
		FBF28DFD1AADFBB600787797 /* Supporting Files */ = {
			isa = PBXGroup;
			children = (
				FB16084D1AB33FAC00D27F39 /* movie_quote.mp3 */,
				FBF28DFE1AADFBB600787797 /* Info.plist */,
			);
			name = "Supporting Files";
			sourceTree = "<group>";
		};
		FBF28E121AADFBB600787797 /* PitchPerfectTests */ = {
			isa = PBXGroup;
			children = (
				FBF28E151AADFBB600787797 /* PitchPerfectTests.swift */,
				FBF28E131AADFBB600787797 /* Supporting Files */,
			);
			path = PitchPerfectTests;
			sourceTree = "<group>";
		};
		FBF28E131AADFBB600787797 /* Supporting Files */ = {
			isa = PBXGroup;
			children = (
				FBF28E141AADFBB600787797 /* Info.plist */,
			);
			name = "Supporting Files";
			sourceTree = "<group>";
		};
/* End PBXGroup section */

/* Begin PBXNativeTarget section */
		FBF28DF91AADFBB600787797 /* PitchPerfect */ = {
			isa = PBXNativeTarget;
			buildConfigurationList = FBF28E191AADFBB600787797 /* Build configuration list for PBXNativeTarget "PitchPerfect" */;
			buildPhases = (
				FBF28DF61AADFBB600787797 /* Sources */,
				FBF28DF71AADFBB600787797 /* Frameworks */,
				FBF28DF81AADFBB600787797 /* Resources */,
			);
			buildRules = (
			);
			dependencies = (
			);
			name = PitchPerfect;
			productName = PitchPerfect;
			productReference = FBF28DFA1AADFBB600787797 /* PitchPerfect.app */;
			productType = "com.apple.product-type.application";
		};
		FBF28E0E1AADFBB600787797 /* PitchPerfectTests */ = {
			isa = PBXNativeTarget;
			buildConfigurationList = FBF28E1C1AADFBB600787797 /* Build configuration list for PBXNativeTarget "PitchPerfectTests" */;
			buildPhases = (
				FBF28E0B1AADFBB600787797 /* Sources */,
				FBF28E0C1AADFBB600787797 /* Frameworks */,
				FBF28E0D1AADFBB600787797 /* Resources */,
			);
			buildRules = (
			);
			dependencies = (
				FBF28E111AADFBB600787797 /* PBXTargetDependency */,
			);
			name = PitchPerfectTests;
			productName = PitchPerfectTests;
			productReference = FBF28E0F1AADFBB600787797 /* PitchPerfectTests.xctest */;
			productType = "com.apple.product-type.bundle.unit-test";
		};
/* End PBXNativeTarget section */

/* Begin PBXProject section */
		FBF28DF21AADFBB600787797 /* Project object */ = {
			isa = PBXProject;
			attributes = {
				LastUpgradeCheck = 0610;
				ORGANIZATIONNAME = "Kelly Egan";
				TargetAttributes = {
					FBF28DF91AADFBB600787797 = {
						CreatedOnToolsVersion = 6.1.1;
					};
					FBF28E0E1AADFBB600787797 = {
						CreatedOnToolsVersion = 6.1.1;
						TestTargetID = FBF28DF91AADFBB600787797;
					};
				};
			};
			buildConfigurationList = FBF28DF51AADFBB600787797 /* Build configuration list for PBXProject "PitchPerfect" */;
			compatibilityVersion = "Xcode 3.2";
			developmentRegion = English;
			hasScannedForEncodings = 0;
			knownRegions = (
				en,
				Base,
			);
			mainGroup = FBF28DF11AADFBB500787797;
			productRefGroup = FBF28DFB1AADFBB600787797 /* Products */;
			projectDirPath = "";
			projectRoot = "";
			targets = (
				FBF28DF91AADFBB600787797 /* PitchPerfect */,
				FBF28E0E1AADFBB600787797 /* PitchPerfectTests */,
			);
		};
/* End PBXProject section */

/* Begin PBXResourcesBuildPhase section */
		FBF28DF81AADFBB600787797 /* Resources */ = {
			isa = PBXResourcesBuildPhase;
			buildActionMask = 2147483647;
			files = (
				FBF28E051AADFBB600787797 /* Main.storyboard in Resources */,
				FBF28E0A1AADFBB600787797 /* LaunchScreen.xib in Resources */,
				FB16084E1AB33FAC00D27F39 /* movie_quote.mp3 in Resources */,
				FBF28E071AADFBB600787797 /* Images.xcassets in Resources */,
			);
			runOnlyForDeploymentPostprocessing = 0;
		};
		FBF28E0D1AADFBB600787797 /* Resources */ = {
			isa = PBXResourcesBuildPhase;
			buildActionMask = 2147483647;
			files = (
			);
			runOnlyForDeploymentPostprocessing = 0;
		};
/* End PBXResourcesBuildPhase section */

/* Begin PBXSourcesBuildPhase section */
		FBF28DF61AADFBB600787797 /* Sources */ = {
			isa = PBXSourcesBuildPhase;
			buildActionMask = 2147483647;
			files = (
				FB37AD1A1AC06A57006439FB /* RecordedAudio.swift in Sources */,
				FBF28E021AADFBB600787797 /* RecordSoundsViewController.swift in Sources */,
				FBF28E001AADFBB600787797 /* AppDelegate.swift in Sources */,
				FB63CB551AB0C4300031A3FA /* PlaySoundsViewController.swift in Sources */,
			);
			runOnlyForDeploymentPostprocessing = 0;
		};
		FBF28E0B1AADFBB600787797 /* Sources */ = {
			isa = PBXSourcesBuildPhase;
			buildActionMask = 2147483647;
			files = (
				FBF28E161AADFBB600787797 /* PitchPerfectTests.swift in Sources */,
			);
			runOnlyForDeploymentPostprocessing = 0;
		};
/* End PBXSourcesBuildPhase section */

/* Begin PBXTargetDependency section */
		FBF28E111AADFBB600787797 /* PBXTargetDependency */ = {
			isa = PBXTargetDependency;
			target = FBF28DF91AADFBB600787797 /* PitchPerfect */;
			targetProxy = FBF28E101AADFBB600787797 /* PBXContainerItemProxy */;
		};
/* End PBXTargetDependency section */

/* Begin PBXVariantGroup section */
		FBF28E031AADFBB600787797 /* Main.storyboard */ = {
			isa = PBXVariantGroup;
			children = (
				FBF28E041AADFBB600787797 /* Base */,
			);
			name = Main.storyboard;
			sourceTree = "<group>";
		};
		FBF28E081AADFBB600787797 /* LaunchScreen.xib */ = {
			isa = PBXVariantGroup;
			children = (
				FBF28E091AADFBB600787797 /* Base */,
			);
			name = LaunchScreen.xib;
			sourceTree = "<group>";
		};
/* End PBXVariantGroup section */

/* Begin XCBuildConfiguration section */
		FBF28E171AADFBB600787797 /* Debug */ = {
			isa = XCBuildConfiguration;
			buildSettings = {
				ALWAYS_SEARCH_USER_PATHS = NO;
				CLANG_CXX_LANGUAGE_STANDARD = "gnu++0x";
				CLANG_CXX_LIBRARY = "libc++";
				CLANG_ENABLE_MODULES = YES;
				CLANG_ENABLE_OBJC_ARC = YES;
				CLANG_WARN_BOOL_CONVERSION = YES;
				CLANG_WARN_CONSTANT_CONVERSION = YES;
				CLANG_WARN_DIRECT_OBJC_ISA_USAGE = YES_ERROR;
				CLANG_WARN_EMPTY_BODY = YES;
				CLANG_WARN_ENUM_CONVERSION = YES;
				CLANG_WARN_INT_CONVERSION = YES;
				CLANG_WARN_OBJC_ROOT_CLASS = YES_ERROR;
				CLANG_WARN_UNREACHABLE_CODE = YES;
				CLANG_WARN__DUPLICATE_METHOD_MATCH = YES;
				"CODE_SIGN_IDENTITY[sdk=iphoneos*]" = "iPhone Developer";
				COPY_PHASE_STRIP = NO;
				ENABLE_STRICT_OBJC_MSGSEND = YES;
				GCC_C_LANGUAGE_STANDARD = gnu99;
				GCC_DYNAMIC_NO_PIC = NO;
				GCC_OPTIMIZATION_LEVEL = 0;
				GCC_PREPROCESSOR_DEFINITIONS = (
					"DEBUG=1",
					"$(inherited)",
				);
				GCC_SYMBOLS_PRIVATE_EXTERN = NO;
				GCC_WARN_64_TO_32_BIT_CONVERSION = YES;
				GCC_WARN_ABOUT_RETURN_TYPE = YES_ERROR;
				GCC_WARN_UNDECLARED_SELECTOR = YES;
				GCC_WARN_UNINITIALIZED_AUTOS = YES_AGGRESSIVE;
				GCC_WARN_UNUSED_FUNCTION = YES;
				GCC_WARN_UNUSED_VARIABLE = YES;
				IPHONEOS_DEPLOYMENT_TARGET = 8.1;
				MTL_ENABLE_DEBUG_INFO = YES;
				ONLY_ACTIVE_ARCH = YES;
				SDKROOT = iphoneos;
				SWIFT_OPTIMIZATION_LEVEL = "-Onone";
			};
			name = Debug;
		};
		FBF28E181AADFBB600787797 /* Release */ = {
			isa = XCBuildConfiguration;
			buildSettings = {
				ALWAYS_SEARCH_USER_PATHS = NO;
				CLANG_CXX_LANGUAGE_STANDARD = "gnu++0x";
				CLANG_CXX_LIBRARY = "libc++";
				CLANG_ENABLE_MODULES = YES;
				CLANG_ENABLE_OBJC_ARC = YES;
				CLANG_WARN_BOOL_CONVERSION = YES;
				CLANG_WARN_CONSTANT_CONVERSION = YES;
				CLANG_WARN_DIRECT_OBJC_ISA_USAGE = YES_ERROR;
				CLANG_WARN_EMPTY_BODY = YES;
				CLANG_WARN_ENUM_CONVERSION = YES;
				CLANG_WARN_INT_CONVERSION = YES;
				CLANG_WARN_OBJC_ROOT_CLASS = YES_ERROR;
				CLANG_WARN_UNREACHABLE_CODE = YES;
				CLANG_WARN__DUPLICATE_METHOD_MATCH = YES;
				"CODE_SIGN_IDENTITY[sdk=iphoneos*]" = "iPhone Developer";
				COPY_PHASE_STRIP = YES;
				ENABLE_NS_ASSERTIONS = NO;
				ENABLE_STRICT_OBJC_MSGSEND = YES;
				GCC_C_LANGUAGE_STANDARD = gnu99;
				GCC_WARN_64_TO_32_BIT_CONVERSION = YES;
				GCC_WARN_ABOUT_RETURN_TYPE = YES_ERROR;
				GCC_WARN_UNDECLARED_SELECTOR = YES;
				GCC_WARN_UNINITIALIZED_AUTOS = YES_AGGRESSIVE;
				GCC_WARN_UNUSED_FUNCTION = YES;
				GCC_WARN_UNUSED_VARIABLE = YES;
				IPHONEOS_DEPLOYMENT_TARGET = 8.1;
				MTL_ENABLE_DEBUG_INFO = NO;
				SDKROOT = iphoneos;
				VALIDATE_PRODUCT = YES;
			};
			name = Release;
		};
		FBF28E1A1AADFBB600787797 /* Debug */ = {
			isa = XCBuildConfiguration;
			buildSettings = {
				ASSETCATALOG_COMPILER_APPICON_NAME = AppIcon;
				INFOPLIST_FILE = PitchPerfect/Info.plist;
				LD_RUNPATH_SEARCH_PATHS = "$(inherited) @executable_path/Frameworks";
				PRODUCT_NAME = "$(TARGET_NAME)";
			};
			name = Debug;
		};
		FBF28E1B1AADFBB600787797 /* Release */ = {
			isa = XCBuildConfiguration;
			buildSettings = {
				ASSETCATALOG_COMPILER_APPICON_NAME = AppIcon;
				INFOPLIST_FILE = PitchPerfect/Info.plist;
				LD_RUNPATH_SEARCH_PATHS = "$(inherited) @executable_path/Frameworks";
				PRODUCT_NAME = "$(TARGET_NAME)";
			};
			name = Release;
		};
		FBF28E1D1AADFBB600787797 /* Debug */ = {
			isa = XCBuildConfiguration;
			buildSettings = {
				BUNDLE_LOADER = "$(TEST_HOST)";
				FRAMEWORK_SEARCH_PATHS = (
					"$(SDKROOT)/Developer/Library/Frameworks",
					"$(inherited)",
				);
				GCC_PREPROCESSOR_DEFINITIONS = (
					"DEBUG=1",
					"$(inherited)",
				);
				INFOPLIST_FILE = PitchPerfectTests/Info.plist;
				LD_RUNPATH_SEARCH_PATHS = "$(inherited) @executable_path/Frameworks @loader_path/Frameworks";
				PRODUCT_NAME = "$(TARGET_NAME)";
				TEST_HOST = "$(BUILT_PRODUCTS_DIR)/PitchPerfect.app/PitchPerfect";
			};
			name = Debug;
		};
		FBF28E1E1AADFBB600787797 /* Release */ = {
			isa = XCBuildConfiguration;
			buildSettings = {
				BUNDLE_LOADER = "$(TEST_HOST)";
				FRAMEWORK_SEARCH_PATHS = (
					"$(SDKROOT)/Developer/Library/Frameworks",
					"$(inherited)",
				);
				INFOPLIST_FILE = PitchPerfectTests/Info.plist;
				LD_RUNPATH_SEARCH_PATHS = "$(inherited) @executable_path/Frameworks @loader_path/Frameworks";
				PRODUCT_NAME = "$(TARGET_NAME)";
				TEST_HOST = "$(BUILT_PRODUCTS_DIR)/PitchPerfect.app/PitchPerfect";
			};
			name = Release;
		};
/* End XCBuildConfiguration section */

/* Begin XCConfigurationList section */
		FBF28DF51AADFBB600787797 /* Build configuration list for PBXProject "PitchPerfect" */ = {
			isa = XCConfigurationList;
			buildConfigurations = (
				FBF28E171AADFBB600787797 /* Debug */,
				FBF28E181AADFBB600787797 /* Release */,
			);
			defaultConfigurationIsVisible = 0;
			defaultConfigurationName = Release;
		};
		FBF28E191AADFBB600787797 /* Build configuration list for PBXNativeTarget "PitchPerfect" */ = {
			isa = XCConfigurationList;
			buildConfigurations = (
				FBF28E1A1AADFBB600787797 /* Debug */,
				FBF28E1B1AADFBB600787797 /* Release */,
			);
			defaultConfigurationIsVisible = 0;
			defaultConfigurationName = Release;
		};
		FBF28E1C1AADFBB600787797 /* Build configuration list for PBXNativeTarget "PitchPerfectTests" */ = {
			isa = XCConfigurationList;
			buildConfigurations = (
				FBF28E1D1AADFBB600787797 /* Debug */,
				FBF28E1E1AADFBB600787797 /* Release */,
			);
			defaultConfigurationIsVisible = 0;
			defaultConfigurationName = Release;
		};
/* End XCConfigurationList section */
	};
	rootObject = FBF28DF21AADFBB600787797 /* Project object */;
}
